
Microsoft Visual Studio Solution File, Format Version 12.00
# Visual Studio Version 17
VisualStudioVersion = 17.14.36202.13 d17.14
MinimumVisualStudioVersion = 10.0.40219.1
Project("{FAE04EC0-301F-11D3-BF4B-00C04F79EFBC}") = "ConsoleApp1", "ConsoleApp1\ConsoleApp1.csproj", "{42D7FBED-6357-470E-9C51-61A7865E6827}"
EndProject
Global
	GlobalSection(SolutionConfigurationPlatforms) = preSolution
		Debug|Any CPU = Debug|Any CPU
		Release|Any CPU = Release|Any CPU
	EndGlobalSection
	GlobalSection(ProjectConfigurationPlatforms) = postSolution
		{42D7FBED-6357-470E-9C51-61A7865E6827}.Debug|Any CPU.ActiveCfg = Debug|Any CPU
		{42D7FBED-6357-470E-9C51-61A7865E6827}.Debug|Any CPU.Build.0 = Debug|Any CPU
		{42D7FBED-6357-470E-9C51-61A7865E6827}.Release|Any CPU.ActiveCfg = Release|Any CPU
		{42D7FBED-6357-470E-9C51-61A7865E6827}.Release|Any CPU.Build.0 = Release|Any CPU
	EndGlobalSection
	GlobalSection(SolutionProperties) = preSolution
		HideSolutionNode = FALSE
	EndGlobalSection
	GlobalSection(ExtensibilityGlobals) = postSolution
		SolutionGuid = {450446EB-E8B2-48E6-A85D-F5F516BC3326}
	EndGlobalSection
EndGlobal
